
Microsoft Visual Studio Solution File, Format Version 12.00
# Visual Studio 15
VisualStudioVersion = 15.0.27703.2018
MinimumVisualStudioVersion = 10.0.40219.1
Project("{FAE04EC0-301F-11D3-BF4B-00C04F79EFBC}") = "Global Mouse Hooks", "Global Mouse Hooks\Global Mouse Hooks.csproj", "{526634B9-FB9B-49BD-A526-11FD105538C7}"
EndProject
Global
	GlobalSection(SolutionConfigurationPlatforms) = preSolution
		Debug|Any CPU = Debug|Any CPU
		Release|Any CPU = Release|Any CPU
	EndGlobalSection
	GlobalSection(ProjectConfigurationPlatforms) = postSolution
		{526634B9-FB9B-49BD-A526-11FD105538C7}.Debug|Any CPU.ActiveCfg = Debug|Any CPU
		{526634B9-FB9B-49BD-A526-11FD105538C7}.Debug|Any CPU.Build.0 = Debug|Any CPU
		{526634B9-FB9B-49BD-A526-11FD105538C7}.Release|Any CPU.ActiveCfg = Release|Any CPU
		{526634B9-FB9B-49BD-A526-11FD105538C7}.Release|Any CPU.Build.0 = Release|Any CPU
	EndGlobalSection
	GlobalSection(SolutionProperties) = preSolution
		HideSolutionNode = FALSE
	EndGlobalSection
	GlobalSection(ExtensibilityGlobals) = postSolution
		SolutionGuid = {0319E4EC-8A08-443B-A156-16B15D8E2999}
	EndGlobalSection
EndGlobal
